{
  "name": "family-call-center-assets",
  "version": "1.0.0",
  "lockfileVersion": 3,
  "requires": true,
  "packages": {
    "": {
      "name": "family-call-center-assets",
      "version": "1.0.0",
      "devDependencies": {
        "basecoat-css": "^1.0.1"
      }
    },
    "node_modules/basecoat-css": {
      "version": "1.0.1",
      "resolved": "https://registry.npmjs.org/basecoat-css/-/basecoat-css-1.0.1.tgz",
      "integrity": "sha512-iFwj7JzoThIMTP8WXhTg227aXgTmSiCghVDoJdLY8g5PMdtNdCyV2R1OynObxTfkO2hfFnasIyrSeoUvbMJdcQ==",
      "dev": true,
      "license": "MIT"
    }
  }
}
